
Microsoft Visual Studio Solution File, Format Version 12.00
# Visual Studio Version 17
VisualStudioVersion = 17.4.33110.190
MinimumVisualStudioVersion = 10.0.40219.1
Project("{FAE04EC0-301F-11D3-BF4B-00C04F79EFBC}") = "Matrices", "Matrices\Matrices.csproj", "{A44F0B32-AD83-46D9-8D7E-18DFD35D4B85}"
EndProject
Project("{FAE04EC0-301F-11D3-BF4B-00C04F79EFBC}") = "Metodos", "Metodos\Metodos.csproj", "{30568645-A48C-4CED-AED3-1A85CAEF920B}"
EndProject
Global
	GlobalSection(SolutionConfigurationPlatforms) = preSolution
		Debug|Any CPU = Debug|Any CPU
		Release|Any CPU = Release|Any CPU
	EndGlobalSection
	GlobalSection(ProjectConfigurationPlatforms) = postSolution
		{A44F0B32-AD83-46D9-8D7E-18DFD35D4B85}.Debug|Any CPU.ActiveCfg = Debug|Any CPU
		{A44F0B32-AD83-46D9-8D7E-18DFD35D4B85}.Debug|Any CPU.Build.0 = Debug|Any CPU
		{A44F0B32-AD83-46D9-8D7E-18DFD35D4B85}.Release|Any CPU.ActiveCfg = Release|Any CPU
		{A44F0B32-AD83-46D9-8D7E-18DFD35D4B85}.Release|Any CPU.Build.0 = Release|Any CPU
		{30568645-A48C-4CED-AED3-1A85CAEF920B}.Debug|Any CPU.ActiveCfg = Debug|Any CPU
		{30568645-A48C-4CED-AED3-1A85CAEF920B}.Debug|Any CPU.Build.0 = Debug|Any CPU
		{30568645-A48C-4CED-AED3-1A85CAEF920B}.Release|Any CPU.ActiveCfg = Release|Any CPU
		{30568645-A48C-4CED-AED3-1A85CAEF920B}.Release|Any CPU.Build.0 = Release|Any CPU
	EndGlobalSection
	GlobalSection(SolutionProperties) = preSolution
		HideSolutionNode = FALSE
	EndGlobalSection
	GlobalSection(ExtensibilityGlobals) = postSolution
		SolutionGuid = {D19A5214-D0A5-4F48-8C1C-BDC3D618D429}
	EndGlobalSection
EndGlobal
